
Microsoft Visual Studio Solution File, Format Version 12.00
# Visual Studio Version 17
VisualStudioVersion = 17.11.35327.3
MinimumVisualStudioVersion = 10.0.40219.1
Project("{9A19103F-16F7-4668-BE54-9A1E7A4F7556}") = "WpfApp1_cmd", "WpfApp1_cmd\WpfApp1_cmd.csproj", "{B1947DC4-DFB5-4EF9-BB2D-3E622D5CE72F}"
	ProjectSection(ProjectDependencies) = postProject
		{BE0FF112-F87A-4F98-BEA9-B61E1673F7C2} = {BE0FF112-F87A-4F98-BEA9-B61E1673F7C2}
	EndProjectSection
EndProject
Project("{9A19103F-16F7-4668-BE54-9A1E7A4F7556}") = "WpfLcuCtrlLib", "..\WPF_LcuCtrlLib\WpfLcuCtrlLib\WpfLcuCtrlLib.csproj", "{2432A460-E49B-4F5A-AF67-0F6CF52AAED7}"
EndProject
Project("{8BC9CEB8-8B4A-11D0-8D11-00A0C91BC942}") = "mcAccount", "..\mcAccount\mcAccount\mcAccount.vcxproj", "{BE0FF112-F87A-4F98-BEA9-B61E1673F7C2}"
EndProject
Project("{8BC9CEB8-8B4A-11D0-8D11-00A0C91BC942}") = "JigFormat", "..\JigFormat\JigFormat\JigFormat.vcxproj", "{D4E3166D-2447-4FF9-996E-8336DD2D437D}"
EndProject
Global
	GlobalSection(SolutionConfigurationPlatforms) = preSolution
		Debug|Any CPU = Debug|Any CPU
		Debug|x64 = Debug|x64
		Debug|x86 = Debug|x86
		Release|Any CPU = Release|Any CPU
		Release|x64 = Release|x64
		Release|x86 = Release|x86
	EndGlobalSection
	GlobalSection(ProjectConfigurationPlatforms) = postSolution
		{B1947DC4-DFB5-4EF9-BB2D-3E622D5CE72F}.Debug|Any CPU.ActiveCfg = Debug|Any CPU
		{B1947DC4-DFB5-4EF9-BB2D-3E622D5CE72F}.Debug|Any CPU.Build.0 = Debug|Any CPU
		{B1947DC4-DFB5-4EF9-BB2D-3E622D5CE72F}.Debug|x64.ActiveCfg = Debug|Any CPU
		{B1947DC4-DFB5-4EF9-BB2D-3E622D5CE72F}.Debug|x64.Build.0 = Debug|Any CPU
		{B1947DC4-DFB5-4EF9-BB2D-3E622D5CE72F}.Debug|x86.ActiveCfg = Debug|Any CPU
		{B1947DC4-DFB5-4EF9-BB2D-3E622D5CE72F}.Debug|x86.Build.0 = Debug|Any CPU
		{B1947DC4-DFB5-4EF9-BB2D-3E622D5CE72F}.Release|Any CPU.ActiveCfg = Release|Any CPU
		{B1947DC4-DFB5-4EF9-BB2D-3E622D5CE72F}.Release|Any CPU.Build.0 = Release|Any CPU
		{B1947DC4-DFB5-4EF9-BB2D-3E622D5CE72F}.Release|x64.ActiveCfg = Release|Any CPU
		{B1947DC4-DFB5-4EF9-BB2D-3E622D5CE72F}.Release|x64.Build.0 = Release|Any CPU
		{B1947DC4-DFB5-4EF9-BB2D-3E622D5CE72F}.Release|x86.ActiveCfg = Release|Any CPU
		{B1947DC4-DFB5-4EF9-BB2D-3E622D5CE72F}.Release|x86.Build.0 = Release|Any CPU
		{2432A460-E49B-4F5A-AF67-0F6CF52AAED7}.Debug|Any CPU.ActiveCfg = Debug|Any CPU
		{2432A460-E49B-4F5A-AF67-0F6CF52AAED7}.Debug|Any CPU.Build.0 = Debug|Any CPU
		{2432A460-E49B-4F5A-AF67-0F6CF52AAED7}.Debug|x64.ActiveCfg = Debug|x64
		{2432A460-E49B-4F5A-AF67-0F6CF52AAED7}.Debug|x64.Build.0 = Debug|x64
		{2432A460-E49B-4F5A-AF67-0F6CF52AAED7}.Debug|x86.ActiveCfg = Debug|Any CPU
		{2432A460-E49B-4F5A-AF67-0F6CF52AAED7}.Debug|x86.Build.0 = Debug|Any CPU
		{2432A460-E49B-4F5A-AF67-0F6CF52AAED7}.Release|Any CPU.ActiveCfg = Release|Any CPU
		{2432A460-E49B-4F5A-AF67-0F6CF52AAED7}.Release|Any CPU.Build.0 = Release|Any CPU
		{2432A460-E49B-4F5A-AF67-0F6CF52AAED7}.Release|x64.ActiveCfg = Release|x64
		{2432A460-E49B-4F5A-AF67-0F6CF52AAED7}.Release|x64.Build.0 = Release|x64
		{2432A460-E49B-4F5A-AF67-0F6CF52AAED7}.Release|x86.ActiveCfg = Release|Any CPU
		{2432A460-E49B-4F5A-AF67-0F6CF52AAED7}.Release|x86.Build.0 = Release|Any CPU
		{BE0FF112-F87A-4F98-BEA9-B61E1673F7C2}.Debug|Any CPU.ActiveCfg = Debug|x64
		{BE0FF112-F87A-4F98-BEA9-B61E1673F7C2}.Debug|Any CPU.Build.0 = Debug|x64
		{BE0FF112-F87A-4F98-BEA9-B61E1673F7C2}.Debug|x64.ActiveCfg = Debug|x64
		{BE0FF112-F87A-4F98-BEA9-B61E1673F7C2}.Debug|x64.Build.0 = Debug|x64
		{BE0FF112-F87A-4F98-BEA9-B61E1673F7C2}.Debug|x86.ActiveCfg = Debug|Win32
		{BE0FF112-F87A-4F98-BEA9-B61E1673F7C2}.Debug|x86.Build.0 = Debug|Win32
		{BE0FF112-F87A-4F98-BEA9-B61E1673F7C2}.Release|Any CPU.ActiveCfg = Release|x64
		{BE0FF112-F87A-4F98-BEA9-B61E1673F7C2}.Release|Any CPU.Build.0 = Release|x64
		{BE0FF112-F87A-4F98-BEA9-B61E1673F7C2}.Release|x64.ActiveCfg = Release|x64
		{BE0FF112-F87A-4F98-BEA9-B61E1673F7C2}.Release|x64.Build.0 = Release|x64
		{BE0FF112-F87A-4F98-BEA9-B61E1673F7C2}.Release|x86.ActiveCfg = Release|Win32
		{BE0FF112-F87A-4F98-BEA9-B61E1673F7C2}.Release|x86.Build.0 = Release|Win32
		{D4E3166D-2447-4FF9-996E-8336DD2D437D}.Debug|Any CPU.ActiveCfg = Debug|x64
		{D4E3166D-2447-4FF9-996E-8336DD2D437D}.Debug|Any CPU.Build.0 = Debug|x64
		{D4E3166D-2447-4FF9-996E-8336DD2D437D}.Debug|x64.ActiveCfg = Debug|x64
		{D4E3166D-2447-4FF9-996E-8336DD2D437D}.Debug|x64.Build.0 = Debug|x64
		{D4E3166D-2447-4FF9-996E-8336DD2D437D}.Debug|x86.ActiveCfg = Debug|Win32
		{D4E3166D-2447-4FF9-996E-8336DD2D437D}.Debug|x86.Build.0 = Debug|Win32
		{D4E3166D-2447-4FF9-996E-8336DD2D437D}.Release|Any CPU.ActiveCfg = Release|x64
		{D4E3166D-2447-4FF9-996E-8336DD2D437D}.Release|Any CPU.Build.0 = Release|x64
		{D4E3166D-2447-4FF9-996E-8336DD2D437D}.Release|x64.ActiveCfg = Release|x64
		{D4E3166D-2447-4FF9-996E-8336DD2D437D}.Release|x64.Build.0 = Release|x64
		{D4E3166D-2447-4FF9-996E-8336DD2D437D}.Release|x86.ActiveCfg = Release|Win32
		{D4E3166D-2447-4FF9-996E-8336DD2D437D}.Release|x86.Build.0 = Release|Win32
	EndGlobalSection
	GlobalSection(SolutionProperties) = preSolution
		HideSolutionNode = FALSE
	EndGlobalSection
	GlobalSection(ExtensibilityGlobals) = postSolution
		SolutionGuid = {6AFB818B-7A29-4D04-BE5C-541892C65F2D}
	EndGlobalSection
EndGlobal
